# Generated by pub
# See https://dart.dev/tools/pub/glossary#lockfile
packages:
  ansicolor:
    dependency: transitive
    description:
      name: ansicolor
      sha256: "50e982d500bc863e1d703448afdbf9e5a72eb48840a4f766fa361ffd6877055f"
      url: "https://pub.dev"
    source: hosted
    version: "2.0.3"
  archive:
    dependency: transitive
    description:
      name: archive
      sha256: "0c64e928dcbefddecd234205422bcfc2b5e6d31be0b86fef0d0dd48d7b4c9742"
      url: "https://pub.dev"
    source: hosted
    version: "4.0.4"
  args:
    dependency: transitive
    description:
      name: args
      sha256: d0481093c50b1da8910eb0bb301626d4d8eb7284aa739614d2b394ee09e3ea04
      url: "https://pub.dev"
    source: hosted
    version: "2.7.0"
  async:
    dependency: transitive
    description:
      name: async
      sha256: "758e6d74e971c3e5aceb4110bfd6698efc7f501675bcfe0c775459a8140750eb"
      url: "https://pub.dev"
    source: hosted
    version: "2.13.0"
  audioplayers:
    dependency: "direct main"
    description:
      name: audioplayers
      sha256: "5441fa0ceb8807a5ad701199806510e56afde2b4913d9d17c2f19f2902cf0ae4"
      url: "https://pub.dev"
    source: hosted
    version: "6.5.1"
  audioplayers_android:
    dependency: transitive
    description:
      name: audioplayers_android
      sha256: "60a6728277228413a85755bd3ffd6fab98f6555608923813ce383b190a360605"
      url: "https://pub.dev"
    source: hosted
    version: "5.2.1"
  audioplayers_darwin:
    dependency: transitive
    description:
      name: audioplayers_darwin
      sha256: "0811d6924904ca13f9ef90d19081e4a87f7297ddc19fc3d31f60af1aaafee333"
      url: "https://pub.dev"
    source: hosted
    version: "6.3.0"
  audioplayers_linux:
    dependency: transitive
    description:
      name: audioplayers_linux
      sha256: f75bce1ce864170ef5e6a2c6a61cd3339e1a17ce11e99a25bae4474ea491d001
      url: "https://pub.dev"
    source: hosted
    version: "4.2.1"
  audioplayers_platform_interface:
    dependency: transitive
    description:
      name: audioplayers_platform_interface
      sha256: "0e2f6a919ab56d0fec272e801abc07b26ae7f31980f912f24af4748763e5a656"
      url: "https://pub.dev"
    source: hosted
    version: "7.1.1"
  audioplayers_web:
    dependency: transitive
    description:
      name: audioplayers_web
      sha256: "1c0f17cec68455556775f1e50ca85c40c05c714a99c5eb1d2d57cc17ba5522d7"
      url: "https://pub.dev"
    source: hosted
    version: "5.1.1"
  audioplayers_windows:
    dependency: transitive
    description:
      name: audioplayers_windows
      sha256: "4048797865105b26d47628e6abb49231ea5de84884160229251f37dfcbe52fd7"
      url: "https://pub.dev"
    source: hosted
    version: "4.2.1"
  boolean_selector:
    dependency: transitive
    description:
      name: boolean_selector
      sha256: "8aab1771e1243a5063b8b0ff68042d67334e3feab9e95b9490f9a6ebf73b42ea"
      url: "https://pub.dev"
    source: hosted
    version: "2.1.2"
  characters:
    dependency: transitive
    description:
      name: characters
      sha256: f71061c654a3380576a52b451dd5532377954cf9dbd272a78fc8479606670803
      url: "https://pub.dev"
    source: hosted
    version: "1.4.0"
  checked_yaml:
    dependency: transitive
    description:
      name: checked_yaml
      sha256: feb6bed21949061731a7a75fc5d2aa727cf160b91af9a3e464c5e3a32e28b5ff
      url: "https://pub.dev"
    source: hosted
    version: "2.0.3"
  cli_util:
    dependency: transitive
    description:
      name: cli_util
      sha256: c05b7406fdabc7a49a3929d4af76bcaccbbffcbcdcf185b082e1ae07da323d19
      url: "https://pub.dev"
    source: hosted
    version: "0.4.1"
  clock:
    dependency: transitive
    description:
      name: clock
      sha256: fddb70d9b5277016c77a80201021d40a2247104d9f4aa7bab7157b7e3f05b84b
      url: "https://pub.dev"
    source: hosted
    version: "1.1.2"
  collection:
    dependency: transitive
    description:
      name: collection
      sha256: "2f5709ae4d3d59dd8f7cd309b4e023046b57d8a6c82130785d2b0e5868084e76"
      url: "https://pub.dev"
    source: hosted
    version: "1.19.1"
  crypto:
    dependency: transitive
    description:
      name: crypto
      sha256: ec30d999af904f33454ba22ed9a86162b35e52b44ac4807d1d93c288041d7d27
      url: "https://pub.dev"
    source: hosted
    version: "3.0.5"
  csslib:
    dependency: transitive
    description:
      name: csslib
      sha256: "706b5707578e0c1b4b7550f64078f0a0f19dec3f50a178ffae7006b0a9ca58fb"
      url: "https://pub.dev"
    source: hosted
    version: "1.0.0"
  cupertino_icons:
    dependency: "direct main"
    description:
      name: cupertino_icons
      sha256: ba631d1c7f7bef6b729a622b7b752645a2d076dba9976925b8f25725a30e1ee6
      url: "https://pub.dev"
    source: hosted
    version: "1.0.8"
  dbus:
    dependency: transitive
    description:
      name: dbus
      sha256: "79e0c23480ff85dc68de79e2cd6334add97e48f7f4865d17686dd6ea81a47e8c"
      url: "https://pub.dev"
    source: hosted
    version: "0.7.11"
  fake_async:
    dependency: transitive
    description:
      name: fake_async
      sha256: "5368f224a74523e8d2e7399ea1638b37aecfca824a3cc4dfdf77bf1fa905ac44"
      url: "https://pub.dev"
    source: hosted
    version: "1.3.3"
  ffi:
    dependency: transitive
    description:
      name: ffi
      sha256: "16ed7b077ef01ad6170a3d0c57caa4a112a38d7a2ed5602e0aca9ca6f3d98da6"
      url: "https://pub.dev"
    source: hosted
    version: "2.1.3"
  file:
    dependency: transitive
    description:
      name: file
      sha256: "5fc22d7c25582e38ad9a8515372cd9a93834027aacf1801cf01164dac0ffa08c"
      url: "https://pub.dev"
    source: hosted
    version: "7.0.0"
  fixnum:
    dependency: transitive
    description:
      name: fixnum
      sha256: "25517a4deb0c03aa0f32fd12db525856438902d9c16536311e76cdc57b31d7d1"
      url: "https://pub.dev"
    source: hosted
    version: "1.1.0"
  flutter:
    dependency: "direct main"
    description: flutter
    source: sdk
    version: "0.0.0"
  flutter_launcher_icons:
    dependency: "direct dev"
    description:
      name: flutter_launcher_icons
      sha256: "10f13781741a2e3972126fae08393d3c4e01fa4cd7473326b94b72cf594195e7"
      url: "https://pub.dev"
    source: hosted
    version: "0.14.4"
  flutter_lints:
    dependency: "direct dev"
    description:
      name: flutter_lints
      sha256: "3105dc8492f6183fb076ccf1f351ac3d60564bff92e20bfc4af9cc1651f4e7e1"
      url: "https://pub.dev"
    source: hosted
    version: "6.0.0"
  flutter_native_splash:
    dependency: "direct main"
    description:
      name: flutter_native_splash
      sha256: "4fb9f4113350d3a80841ce05ebf1976a36de622af7d19aca0ca9a9911c7ff002"
      url: "https://pub.dev"
    source: hosted
    version: "2.4.7"
  flutter_slidable:
    dependency: "direct main"
    description:
      name: flutter_slidable
      sha256: ea369262929d3cc6ebf9d8a00c196127966f117fe433a5e5cb47fb08008ca203
      url: "https://pub.dev"
    source: hosted
    version: "4.0.3"
  flutter_test:
    dependency: "direct dev"
    description: flutter
    source: sdk
    version: "0.0.0"
  flutter_web_plugins:
    dependency: transitive
    description: flutter
    source: sdk
    version: "0.0.0"
  html:
    dependency: transitive
    description:
      name: html
      sha256: "6d1264f2dffa1b1101c25a91dff0dc2daee4c18e87cd8538729773c073dbf602"
      url: "https://pub.dev"
    source: hosted
    version: "0.15.6"
  http:
    dependency: transitive
    description:
      name: http
      sha256: b9c29a161230ee03d3ccf545097fccd9b87a5264228c5d348202e0f0c28f9010
      url: "https://pub.dev"
    source: hosted
    version: "1.2.2"
  http_parser:
    dependency: transitive
    description:
      name: http_parser
      sha256: "2aa08ce0341cc9b354a498388e30986515406668dbcc4f7c950c3e715496693b"
      url: "https://pub.dev"
    source: hosted
    version: "4.0.2"
  image:
    dependency: transitive
    description:
      name: image
      sha256: "4e973fcf4caae1a4be2fa0a13157aa38a8f9cb049db6529aa00b4d71abc4d928"
      url: "https://pub.dev"
    source: hosted
    version: "4.5.4"
  import_sorter:
    dependency: "direct dev"
    description:
      name: import_sorter
      sha256: eb15738ccead84e62c31e0208ea4e3104415efcd4972b86906ca64a1187d0836
      url: "https://pub.dev"
    source: hosted
    version: "4.6.0"
  json_annotation:
    dependency: transitive
    description:
      name: json_annotation
      sha256: "1ce844379ca14835a50d2f019a3099f419082cfdd231cd86a142af94dd5c6bb1"
      url: "https://pub.dev"
    source: hosted
    version: "4.9.0"
  leak_tracker:
    dependency: transitive
    description:
      name: leak_tracker
      sha256: "8dcda04c3fc16c14f48a7bb586d4be1f0d1572731b6d81d51772ef47c02081e0"
      url: "https://pub.dev"
    source: hosted
    version: "11.0.1"
  leak_tracker_flutter_testing:
    dependency: transitive
    description:
      name: leak_tracker_flutter_testing
      sha256: "1dbc140bb5a23c75ea9c4811222756104fbcd1a27173f0c34ca01e16bea473c1"
      url: "https://pub.dev"
    source: hosted
    version: "3.0.10"
  leak_tracker_testing:
    dependency: transitive
    description:
      name: leak_tracker_testing
      sha256: "8d5a2d49f4a66b49744b23b018848400d23e54caf9463f4eb20df3eb8acb2eb1"
      url: "https://pub.dev"
    source: hosted
    version: "3.0.2"
  lints:
    dependency: transitive
    description:
      name: lints
      sha256: a5e2b223cb7c9c8efdc663ef484fdd95bb243bff242ef5b13e26883547fce9a0
      url: "https://pub.dev"
    source: hosted
    version: "6.0.0"
  matcher:
    dependency: transitive
    description:
      name: matcher
      sha256: dc58c723c3c24bf8d3e2d3ad3f2f9d7bd9cf43ec6feaa64181775e60190153f2
      url: "https://pub.dev"
    source: hosted
    version: "0.12.17"
  material_color_utilities:
    dependency: transitive
    description:
      name: material_color_utilities
      sha256: f7142bb1154231d7ea5f96bc7bde4bda2a0945d2806bb11670e30b850d56bdec
      url: "https://pub.dev"
    source: hosted
    version: "0.11.1"
  meta:
    dependency: transitive
    description:
      name: meta
      sha256: "23f08335362185a5ea2ad3a4e597f1375e78bce8a040df5c600c8d3552ef2394"
      url: "https://pub.dev"
    source: hosted
    version: "1.17.0"
  nested:
    dependency: transitive
    description:
      name: nested
      sha256: "03bac4c528c64c95c722ec99280375a6f2fc708eec17c7b3f07253b626cd2a20"
      url: "https://pub.dev"
    source: hosted
    version: "1.0.0"
  package_info_plus:
    dependency: transitive
    description:
      name: package_info_plus
      sha256: f69da0d3189a4b4ceaeb1a3defb0f329b3b352517f52bed4290f83d4f06bc08d
      url: "https://pub.dev"
    source: hosted
    version: "9.0.0"
  package_info_plus_platform_interface:
    dependency: transitive
    description:
      name: package_info_plus_platform_interface
      sha256: "202a487f08836a592a6bd4f901ac69b3a8f146af552bbd14407b6b41e1c3f086"
      url: "https://pub.dev"
    source: hosted
    version: "3.2.1"
  path:
    dependency: transitive
    description:
      name: path
      sha256: "75cca69d1490965be98c73ceaea117e8a04dd21217b37b292c9ddbec0d955bc5"
      url: "https://pub.dev"
    source: hosted
    version: "1.9.1"
  path_provider:
    dependency: transitive
    description:
      name: path_provider
      sha256: fec0d61223fba3154d87759e3cc27fe2c8dc498f6386c6d6fc80d1afdd1bf378
      url: "https://pub.dev"
    source: hosted
    version: "2.1.4"
  path_provider_android:
    dependency: transitive
    description:
      name: path_provider_android
      sha256: "6f01f8e37ec30b07bc424b4deabac37cacb1bc7e2e515ad74486039918a37eb7"
      url: "https://pub.dev"
    source: hosted
    version: "2.2.10"
  path_provider_foundation:
    dependency: transitive
    description:
      name: path_provider_foundation
      sha256: f234384a3fdd67f989b4d54a5d73ca2a6c422fa55ae694381ae0f4375cd1ea16
      url: "https://pub.dev"
    source: hosted
    version: "2.4.0"
  path_provider_linux:
    dependency: transitive
    description:
      name: path_provider_linux
      sha256: f7a1fe3a634fe7734c8d3f2766ad746ae2a2884abe22e241a8b301bf5cac3279
      url: "https://pub.dev"
    source: hosted
    version: "2.2.1"
  path_provider_platform_interface:
    dependency: transitive
    description:
      name: path_provider_platform_interface
      sha256: "88f5779f72ba699763fa3a3b06aa4bf6de76c8e5de842cf6f29e2e06476c2334"
      url: "https://pub.dev"
    source: hosted
    version: "2.1.2"
  path_provider_windows:
    dependency: transitive
    description:
      name: path_provider_windows
      sha256: bd6f00dbd873bfb70d0761682da2b3a2c2fccc2b9e84c495821639601d81afe7
      url: "https://pub.dev"
    source: hosted
    version: "2.3.0"
  petitparser:
    dependency: transitive
    description:
      name: petitparser
      sha256: "1a97266a94f7350d30ae522c0af07890c70b8e62c71e8e3920d1db4d23c057d1"
      url: "https://pub.dev"
    source: hosted
    version: "7.0.1"
  platform:
    dependency: transitive
    description:
      name: platform
      sha256: "9b71283fc13df574056616011fb138fd3b793ea47cc509c189a6c3fa5f8a1a65"
      url: "https://pub.dev"
    source: hosted
    version: "3.1.5"
  plugin_platform_interface:
    dependency: transitive
    description:
      name: plugin_platform_interface
      sha256: "4820fbfdb9478b1ebae27888254d445073732dae3d6ea81f0b7e06d5dedc3f02"
      url: "https://pub.dev"
    source: hosted
    version: "2.1.8"
  posix:
    dependency: transitive
    description:
      name: posix
      sha256: a0117dc2167805aa9125b82eee515cc891819bac2f538c83646d355b16f58b9a
      url: "https://pub.dev"
    source: hosted
    version: "6.0.1"
  provider:
    dependency: "direct main"
    description:
      name: provider
      sha256: "4abbd070a04e9ddc287673bf5a030c7ca8b685ff70218720abab8b092f53dd84"
      url: "https://pub.dev"
    source: hosted
    version: "6.1.5"
  shared_preferences:
    dependency: "direct main"
    description:
      name: shared_preferences
      sha256: "2939ae520c9024cb197fc20dee269cd8cdbf564c8b5746374ec6cacdc5169e64"
      url: "https://pub.dev"
    source: hosted
    version: "2.5.4"
  shared_preferences_android:
    dependency: transitive
    description:
      name: shared_preferences_android
      sha256: "02a7d8a9ef346c9af715811b01fbd8e27845ad2c41148eefd31321471b41863d"
      url: "https://pub.dev"
    source: hosted
    version: "2.4.0"
  shared_preferences_foundation:
    dependency: transitive
    description:
      name: shared_preferences_foundation
      sha256: c4b35f6cb8f63c147312c054ce7c2254c8066745125264f0c88739c417fc9d9f
      url: "https://pub.dev"
    source: hosted
    version: "2.5.2"
  shared_preferences_linux:
    dependency: transitive
    description:
      name: shared_preferences_linux
      sha256: "580abfd40f415611503cae30adf626e6656dfb2f0cee8f465ece7b6defb40f2f"
      url: "https://pub.dev"
    source: hosted
    version: "2.4.1"
  shared_preferences_platform_interface:
    dependency: transitive
    description:
      name: shared_preferences_platform_interface
      sha256: "57cbf196c486bc2cf1f02b85784932c6094376284b3ad5779d1b1c6c6a816b80"
      url: "https://pub.dev"
    source: hosted
    version: "2.4.1"
  shared_preferences_web:
    dependency: transitive
    description:
      name: shared_preferences_web
      sha256: d2ca4132d3946fec2184261726b355836a82c33d7d5b67af32692aff18a4684e
      url: "https://pub.dev"
    source: hosted
    version: "2.4.2"
  shared_preferences_windows:
    dependency: transitive
    description:
      name: shared_preferences_windows
      sha256: "94ef0f72b2d71bc3e700e025db3710911bd51a71cefb65cc609dd0d9a982e3c1"
      url: "https://pub.dev"
    source: hosted
    version: "2.4.1"
  sky_engine:
    dependency: transitive
    description: flutter
    source: sdk
    version: "0.0.0"
  source_span:
    dependency: transitive
    description:
      name: source_span
      sha256: "254ee5351d6cb365c859e20ee823c3bb479bf4a293c22d17a9f1bf144ce86f7c"
      url: "https://pub.dev"
    source: hosted
    version: "1.10.1"
  stack_trace:
    dependency: transitive
    description:
      name: stack_trace
      sha256: "8b27215b45d22309b5cddda1aa2b19bdfec9df0e765f2de506401c071d38d1b1"
      url: "https://pub.dev"
    source: hosted
    version: "1.12.1"
  stream_channel:
    dependency: transitive
    description:
      name: stream_channel
      sha256: "969e04c80b8bcdf826f8f16579c7b14d780458bd97f56d107d3950fdbeef059d"
      url: "https://pub.dev"
    source: hosted
    version: "2.1.4"
  string_scanner:
    dependency: transitive
    description:
      name: string_scanner
      sha256: "921cd31725b72fe181906c6a94d987c78e3b98c2e205b397ea399d4054872b43"
      url: "https://pub.dev"
    source: hosted
    version: "1.4.1"
  synchronized:
    dependency: transitive
    description:
      name: synchronized
      sha256: a824e842b8a054f91a728b783c177c1e4731f6b124f9192468457a8913371255
      url: "https://pub.dev"
    source: hosted
    version: "3.2.0"
  term_glyph:
    dependency: transitive
    description:
      name: term_glyph
      sha256: "7f554798625ea768a7518313e58f83891c7f5024f88e46e7182a4558850a4b8e"
      url: "https://pub.dev"
    source: hosted
    version: "1.2.2"
  test_api:
    dependency: transitive
    description:
      name: test_api
      sha256: ab2726c1a94d3176a45960b6234466ec367179b87dd74f1611adb1f3b5fb9d55
      url: "https://pub.dev"
    source: hosted
    version: "0.7.7"
  tint:
    dependency: transitive
    description:
      name: tint
      sha256: "9652d9a589f4536d5e392cf790263d120474f15da3cf1bee7f1fdb31b4de5f46"
      url: "https://pub.dev"
    source: hosted
    version: "2.0.1"
  typed_data:
    dependency: transitive
    description:
      name: typed_data
      sha256: facc8d6582f16042dd49f2463ff1bd6e2c9ef9f3d5da3d9b087e244a7b564b3c
      url: "https://pub.dev"
    source: hosted
    version: "1.3.2"
  universal_io:
    dependency: transitive
    description:
      name: universal_io
      sha256: "1722b2dcc462b4b2f3ee7d188dad008b6eb4c40bbd03a3de451d82c78bba9aad"
      url: "https://pub.dev"
    source: hosted
    version: "2.2.2"
  uuid:
    dependency: "direct main"
    description:
      name: uuid
      sha256: a11b666489b1954e01d992f3d601b1804a33937b5a8fe677bd26b8a9f96f96e8
      url: "https://pub.dev"
    source: hosted
    version: "4.5.2"
  vector_math:
    dependency: transitive
    description:
      name: vector_math
      sha256: d530bd74fea330e6e364cda7a85019c434070188383e1cd8d9777ee586914c5b
      url: "https://pub.dev"
    source: hosted
    version: "2.2.0"
  vm_service:
    dependency: transitive
    description:
      name: vm_service
      sha256: ddfa8d30d89985b96407efce8acbdd124701f96741f2d981ca860662f1c0dc02
      url: "https://pub.dev"
    source: hosted
    version: "15.0.0"
  wakelock_plus:
    dependency: "direct main"
    description:
      name: wakelock_plus
      sha256: "9296d40c9adbedaba95d1e704f4e0b434be446e2792948d0e4aa977048104228"
      url: "https://pub.dev"
    source: hosted
    version: "1.4.0"
  wakelock_plus_platform_interface:
    dependency: transitive
    description:
      name: wakelock_plus_platform_interface
      sha256: "036deb14cd62f558ca3b73006d52ce049fabcdcb2eddfe0bf0fe4e8a943b5cf2"
      url: "https://pub.dev"
    source: hosted
    version: "1.3.0"
  web:
    dependency: transitive
    description:
      name: web
      sha256: "97da13628db363c635202ad97068d47c5b8aa555808e7a9411963c533b449b27"
      url: "https://pub.dev"
    source: hosted
    version: "0.5.1"
  win32:
    dependency: transitive
    description:
      name: win32
      sha256: dc6ecaa00a7c708e5b4d10ee7bec8c270e9276dfcab1783f57e9962d7884305f
      url: "https://pub.dev"
    source: hosted
    version: "5.12.0"
  xdg_directories:
    dependency: transitive
    description:
      name: xdg_directories
      sha256: faea9dee56b520b55a566385b84f2e8de55e7496104adada9962e0bd11bcff1d
      url: "https://pub.dev"
    source: hosted
    version: "1.0.4"
  xml:
    dependency: transitive
    description:
      name: xml
      sha256: "971043b3a0d3da28727e40ed3e0b5d18b742fa5a68665cca88e74b7876d5e025"
      url: "https://pub.dev"
    source: hosted
    version: "6.6.1"
  yaml:
    dependency: transitive
    description:
      name: yaml
      sha256: b9da305ac7c39faa3f030eccd175340f968459dae4af175130b3fc47e40d76ce
      url: "https://pub.dev"
    source: hosted
    version: "3.1.3"
sdks:
  dart: ">=3.10.4 <4.0.0"
  flutter: "3.38.5"
